
Microsoft Visual Studio Solution File, Format Version 12.00
# Visual Studio 2015
Project("{FAE04EC0-301F-11D3-BF4B-00C04F79EFBC}") = "BouncingBallzz", "BouncingBallzz.csproj", "{DAE0E068-E870-44E7-4D46-763769070A77}"
EndProject
Global
	GlobalSection(SolutionConfigurationPlatforms) = preSolution
		Debug|Any CPU = Debug|Any CPU
		Release|Any CPU = Release|Any CPU
	EndGlobalSection
	GlobalSection(ProjectConfigurationPlatforms) = postSolution
		{DAE0E068-E870-44E7-4D46-763769070A77}.Debug|Any CPU.ActiveCfg = Debug|Any CPU
		{DAE0E068-E870-44E7-4D46-763769070A77}.Debug|Any CPU.Build.0 = Debug|Any CPU
		{DAE0E068-E870-44E7-4D46-763769070A77}.Release|Any CPU.ActiveCfg = Release|Any CPU
		{DAE0E068-E870-44E7-4D46-763769070A77}.Release|Any CPU.Build.0 = Release|Any CPU
	EndGlobalSection
	GlobalSection(SolutionProperties) = preSolution
		HideSolutionNode = FALSE
	EndGlobalSection
EndGlobal
